// !$*UTF8*$!
{
	archiveVersion = 1;
	classes = {
	};
	objectVersion = 46;
	objects = {

/* Begin PBXBuildFile section */
		A1DB3D621A36947C00637C07 /* main.m in Sources */ = {isa = PBXBuildFile; fileRef = A1DB3D611A36947C00637C07 /* main.m */; };
		A1DB3D651A36947C00637C07 /* AppDelegate.m in Sources */ = {isa = PBXBuildFile; fileRef = A1DB3D641A36947C00637C07 /* AppDelegate.m */; };
		A1DB3D681A36947C00637C07 /* ViewController.m in Sources */ = {isa = PBXBuildFile; fileRef = A1DB3D671A36947C00637C07 /* ViewController.m */; };
		A1DB3D6B1A36947C00637C07 /* Main.storyboard in Resources */ = {isa = PBXBuildFile; fileRef = A1DB3D691A36947C00637C07 /* Main.storyboard */; };
		A1DB3D6D1A36947C00637C07 /* Images.xcassets in Resources */ = {isa = PBXBuildFile; fileRef = A1DB3D6C1A36947C00637C07 /* Images.xcassets */; };
		A1DB3D701A36947C00637C07 /* LaunchScreen.xib in Resources */ = {isa = PBXBuildFile; fileRef = A1DB3D6E1A36947C00637C07 /* LaunchScreen.xib */; };
		A1DB3D7C1A36947C00637C07 /* FastScrollTableDemoTests.m in Sources */ = {isa = PBXBuildFile; fileRef = A1DB3D7B1A36947C00637C07 /* FastScrollTableDemoTests.m */; };
/* End PBXBuildFile section */

/* Begin PBXContainerItemProxy section */
		A1DB3D761A36947C00637C07 /* PBXContainerItemProxy */ = {
			isa = PBXContainerItemProxy;
			containerPortal = A1DB3D541A36947C00637C07 /* Project object */;
			proxyType = 1;
			remoteGlobalIDString = A1DB3D5B1A36947C00637C07;
			remoteInfo = FastScrollTableDemo;
		};
/* End PBXContainerItemProxy section */

/* Begin PBXFileReference section */
		A1DB3D5C1A36947C00637C07 /* FastScrollTableDemo.app */ = {isa = PBXFileReference; explicitFileType = wrapper.application; includeInIndex = 0; path = FastScrollTableDemo.app; sourceTree = BUILT_PRODUCTS_DIR; };
		A1DB3D601A36947C00637C07 /* Info.plist */ = {isa = PBXFileReference; lastKnownFileType = text.plist.xml; path = Info.plist; sourceTree = "<group>"; };
		A1DB3D611A36947C00637C07 /* main.m */ = {isa = PBXFileReference; lastKnownFileType = sourcecode.c.objc; path = main.m; sourceTree = "<group>"; };
		A1DB3D631A36947C00637C07 /* AppDelegate.h */ = {isa = PBXFileReference; lastKnownFileType = sourcecode.c.h; path = AppDelegate.h; sourceTree = "<group>"; };
		A1DB3D641A36947C00637C07 /* AppDelegate.m */ = {isa = PBXFileReference; lastKnownFileType = sourcecode.c.objc; path = AppDelegate.m; sourceTree = "<group>"; };
		A1DB3D661A36947C00637C07 /* ViewController.h */ = {isa = PBXFileReference; lastKnownFileType = sourcecode.c.h; path = ViewController.h; sourceTree = "<group>"; };
		A1DB3D671A36947C00637C07 /* ViewController.m */ = {isa = PBXFileReference; lastKnownFileType = sourcecode.c.objc; path = ViewController.m; sourceTree = "<group>"; };
		A1DB3D6A1A36947C00637C07 /* Base */ = {isa = PBXFileReference; lastKnownFileType = file.storyboard; name = Base; path = Base.lproj/Main.storyboard; sourceTree = "<group>"; };
		A1DB3D6C1A36947C00637C07 /* Images.xcassets */ = {isa = PBXFileReference; lastKnownFileType = folder.assetcatalog; path = Images.xcassets; sourceTree = "<group>"; };
		A1DB3D6F1A36947C00637C07 /* Base */ = {isa = PBXFileReference; lastKnownFileType = file.xib; name = Base; path = Base.lproj/LaunchScreen.xib; sourceTree = "<group>"; };
		A1DB3D751A36947C00637C07 /* FastScrollTableDemoTests.xctest */ = {isa = PBXFileReference; explicitFileType = wrapper.cfbundle; includeInIndex = 0; path = FastScrollTableDemoTests.xctest; sourceTree = BUILT_PRODUCTS_DIR; };
		A1DB3D7A1A36947C00637C07 /* Info.plist */ = {isa = PBXFileReference; lastKnownFileType = text.plist.xml; path = Info.plist; sourceTree = "<group>"; };
		A1DB3D7B1A36947C00637C07 /* FastScrollTableDemoTests.m */ = {isa = PBXFileReference; lastKnownFileType = sourcecode.c.objc; path = FastScrollTableDemoTests.m; sourceTree = "<group>"; };
/* End PBXFileReference section */

/* Begin PBXFrameworksBuildPhase section */
		A1DB3D591A36947C00637C07 /* Frameworks */ = {
			isa = PBXFrameworksBuildPhase;
			buildActionMask = 2147483647;
			files = (
			);
			runOnlyForDeploymentPostprocessing = 0;
		};
		A1DB3D721A36947C00637C07 /* Frameworks */ = {
			isa = PBXFrameworksBuildPhase;
			buildActionMask = 2147483647;
			files = (
			);
			runOnlyForDeploymentPostprocessing = 0;
		};
/* End PBXFrameworksBuildPhase section */

/* Begin PBXGroup section */
		A1DB3D531A36947C00637C07 = {
			isa = PBXGroup;
			children = (
				A1DB3D5E1A36947C00637C07 /* FastScrollTableDemo */,
				A1DB3D781A36947C00637C07 /* FastScrollTableDemoTests */,
				A1DB3D5D1A36947C00637C07 /* Products */,
			);
			sourceTree = "<group>";
		};
		A1DB3D5D1A36947C00637C07 /* Products */ = {
			isa = PBXGroup;
			children = (
				A1DB3D5C1A36947C00637C07 /* FastScrollTableDemo.app */,
				A1DB3D751A36947C00637C07 /* FastScrollTableDemoTests.xctest */,
			);
			name = Products;
			sourceTree = "<group>";
		};
		A1DB3D5E1A36947C00637C07 /* FastScrollTableDemo */ = {
			isa = PBXGroup;
			children = (
				A1DB3D631A36947C00637C07 /* AppDelegate.h */,
				A1DB3D641A36947C00637C07 /* AppDelegate.m */,
				A1DB3D661A36947C00637C07 /* ViewController.h */,
				A1DB3D671A36947C00637C07 /* ViewController.m */,
				A1DB3D691A36947C00637C07 /* Main.storyboard */,
				A1DB3D6C1A36947C00637C07 /* Images.xcassets */,
				A1DB3D6E1A36947C00637C07 /* LaunchScreen.xib */,
				A1DB3D5F1A36947C00637C07 /* Supporting Files */,
			);
			path = FastScrollTableDemo;
			sourceTree = "<group>";
		};
		A1DB3D5F1A36947C00637C07 /* Supporting Files */ = {
			isa = PBXGroup;
			children = (
				A1DB3D601A36947C00637C07 /* Info.plist */,
				A1DB3D611A36947C00637C07 /* main.m */,
			);
			name = "Supporting Files";
			sourceTree = "<group>";
		};
		A1DB3D781A36947C00637C07 /* FastScrollTableDemoTests */ = {
			isa = PBXGroup;
			children = (
				A1DB3D7B1A36947C00637C07 /* FastScrollTableDemoTests.m */,
				A1DB3D791A36947C00637C07 /* Supporting Files */,
			);
			path = FastScrollTableDemoTests;
			sourceTree = "<group>";
		};
		A1DB3D791A36947C00637C07 /* Supporting Files */ = {
			isa = PBXGroup;
			children = (
				A1DB3D7A1A36947C00637C07 /* Info.plist */,
			);
			name = "Supporting Files";
			sourceTree = "<group>";
		};
/* End PBXGroup section */

/* Begin PBXNativeTarget section */
		A1DB3D5B1A36947C00637C07 /* FastScrollTableDemo */ = {
			isa = PBXNativeTarget;
			buildConfigurationList = A1DB3D7F1A36947C00637C07 /* Build configuration list for PBXNativeTarget "FastScrollTableDemo" */;
			buildPhases = (
				A1DB3D581A36947C00637C07 /* Sources */,
				A1DB3D591A36947C00637C07 /* Frameworks */,
				A1DB3D5A1A36947C00637C07 /* Resources */,
			);
			buildRules = (
			);
			dependencies = (
			);
			name = FastScrollTableDemo;
			productName = FastScrollTableDemo;
			productReference = A1DB3D5C1A36947C00637C07 /* FastScrollTableDemo.app */;
			productType = "com.apple.product-type.application";
		};
		A1DB3D741A36947C00637C07 /* FastScrollTableDemoTests */ = {
			isa = PBXNativeTarget;
			buildConfigurationList = A1DB3D821A36947C00637C07 /* Build configuration list for PBXNativeTarget "FastScrollTableDemoTests" */;
			buildPhases = (
				A1DB3D711A36947C00637C07 /* Sources */,
				A1DB3D721A36947C00637C07 /* Frameworks */,
				A1DB3D731A36947C00637C07 /* Resources */,
			);
			buildRules = (
			);
			dependencies = (
				A1DB3D771A36947C00637C07 /* PBXTargetDependency */,
			);
			name = FastScrollTableDemoTests;
			productName = FastScrollTableDemoTests;
			productReference = A1DB3D751A36947C00637C07 /* FastScrollTableDemoTests.xctest */;
			productType = "com.apple.product-type.bundle.unit-test";
		};
/* End PBXNativeTarget section */

/* Begin PBXProject section */
		A1DB3D541A36947C00637C07 /* Project object */ = {
			isa = PBXProject;
			attributes = {
				LastUpgradeCheck = 0610;
				ORGANIZATIONNAME = Andy;
				TargetAttributes = {
					A1DB3D5B1A36947C00637C07 = {
						CreatedOnToolsVersion = 6.1;
					};
					A1DB3D741A36947C00637C07 = {
						CreatedOnToolsVersion = 6.1;
						TestTargetID = A1DB3D5B1A36947C00637C07;
					};
				};
			};
			buildConfigurationList = A1DB3D571A36947C00637C07 /* Build configuration list for PBXProject "FastScrollTableDemo" */;
			compatibilityVersion = "Xcode 3.2";
			developmentRegion = English;
			hasScannedForEncodings = 0;
			knownRegions = (
				en,
				Base,
			);
			mainGroup = A1DB3D531A36947C00637C07;
			productRefGroup = A1DB3D5D1A36947C00637C07 /* Products */;
			projectDirPath = "";
			projectRoot = "";
			targets = (
				A1DB3D5B1A36947C00637C07 /* FastScrollTableDemo */,
				A1DB3D741A36947C00637C07 /* FastScrollTableDemoTests */,
			);
		};
/* End PBXProject section */

/* Begin PBXResourcesBuildPhase section */
		A1DB3D5A1A36947C00637C07 /* Resources */ = {
			isa = PBXResourcesBuildPhase;
			buildActionMask = 2147483647;
			files = (
				A1DB3D6B1A36947C00637C07 /* Main.storyboard in Resources */,
				A1DB3D701A36947C00637C07 /* LaunchScreen.xib in Resources */,
				A1DB3D6D1A36947C00637C07 /* Images.xcassets in Resources */,
			);
			runOnlyForDeploymentPostprocessing = 0;
		};
		A1DB3D731A36947C00637C07 /* Resources */ = {
			isa = PBXResourcesBuildPhase;
			buildActionMask = 2147483647;
			files = (
			);
			runOnlyForDeploymentPostprocessing = 0;
		};
/* End PBXResourcesBuildPhase section */

/* Begin PBXSourcesBuildPhase section */
		A1DB3D581A36947C00637C07 /* Sources */ = {
			isa = PBXSourcesBuildPhase;
			buildActionMask = 2147483647;
			files = (
				A1DB3D681A36947C00637C07 /* ViewController.m in Sources */,
				A1DB3D651A36947C00637C07 /* AppDelegate.m in Sources */,
				A1DB3D621A36947C00637C07 /* main.m in Sources */,
			);
			runOnlyForDeploymentPostprocessing = 0;
		};
		A1DB3D711A36947C00637C07 /* Sources */ = {
			isa = PBXSourcesBuildPhase;
			buildActionMask = 2147483647;
			files = (
				A1DB3D7C1A36947C00637C07 /* FastScrollTableDemoTests.m in Sources */,
			);
			runOnlyForDeploymentPostprocessing = 0;
		};
/* End PBXSourcesBuildPhase section */

/* Begin PBXTargetDependency section */
		A1DB3D771A36947C00637C07 /* PBXTargetDependency */ = {
			isa = PBXTargetDependency;
			target = A1DB3D5B1A36947C00637C07 /* FastScrollTableDemo */;
			targetProxy = A1DB3D761A36947C00637C07 /* PBXContainerItemProxy */;
		};
/* End PBXTargetDependency section */

/* Begin PBXVariantGroup section */
		A1DB3D691A36947C00637C07 /* Main.storyboard */ = {
			isa = PBXVariantGroup;
			children = (
				A1DB3D6A1A36947C00637C07 /* Base */,
			);
			name = Main.storyboard;
			sourceTree = "<group>";
		};
		A1DB3D6E1A36947C00637C07 /* LaunchScreen.xib */ = {
			isa = PBXVariantGroup;
			children = (
				A1DB3D6F1A36947C00637C07 /* Base */,
			);
			name = LaunchScreen.xib;
			sourceTree = "<group>";
		};
/* End PBXVariantGroup section */

/* Begin XCBuildConfiguration section */
		A1DB3D7D1A36947C00637C07 /* Debug */ = {
			isa = XCBuildConfiguration;
			buildSettings = {
				ALWAYS_SEARCH_USER_PATHS = NO;
				CLANG_CXX_LANGUAGE_STANDARD = "gnu++0x";
				CLANG_CXX_LIBRARY = "libc++";
				CLANG_ENABLE_MODULES = YES;
				CLANG_ENABLE_OBJC_ARC = YES;
				CLANG_WARN_BOOL_CONVERSION = YES;
				CLANG_WARN_CONSTANT_CONVERSION = YES;
				CLANG_WARN_DIRECT_OBJC_ISA_USAGE = YES_ERROR;
				CLANG_WARN_EMPTY_BODY = YES;
				CLANG_WARN_ENUM_CONVERSION = YES;
				CLANG_WARN_INT_CONVERSION = YES;
				CLANG_WARN_OBJC_ROOT_CLASS = YES_ERROR;
				CLANG_WARN_UNREACHABLE_CODE = YES;
				CLANG_WARN__DUPLICATE_METHOD_MATCH = YES;
				"CODE_SIGN_IDENTITY[sdk=iphoneos*]" = "iPhone Developer";
				COPY_PHASE_STRIP = NO;
				ENABLE_STRICT_OBJC_MSGSEND = YES;
				GCC_C_LANGUAGE_STANDARD = gnu99;
				GCC_DYNAMIC_NO_PIC = NO;
				GCC_OPTIMIZATION_LEVEL = 0;
				GCC_PREPROCESSOR_DEFINITIONS = (
					"DEBUG=1",
					"$(inherited)",
				);
				GCC_SYMBOLS_PRIVATE_EXTERN = NO;
				GCC_WARN_64_TO_32_BIT_CONVERSION = YES;
				GCC_WARN_ABOUT_RETURN_TYPE = YES_ERROR;
				GCC_WARN_UNDECLARED_SELECTOR = YES;
				GCC_WARN_UNINITIALIZED_AUTOS = YES_AGGRESSIVE;
				GCC_WARN_UNUSED_FUNCTION = YES;
				GCC_WARN_UNUSED_VARIABLE = YES;
				IPHONEOS_DEPLOYMENT_TARGET = 8.1;
				MTL_ENABLE_DEBUG_INFO = YES;
				ONLY_ACTIVE_ARCH = YES;
				SDKROOT = iphoneos;
			};
			name = Debug;
		};
		A1DB3D7E1A36947C00637C07 /* Release */ = {
			isa = XCBuildConfiguration;
			buildSettings = {
				ALWAYS_SEARCH_USER_PATHS = NO;
				CLANG_CXX_LANGUAGE_STANDARD = "gnu++0x";
				CLANG_CXX_LIBRARY = "libc++";
				CLANG_ENABLE_MODULES = YES;
				CLANG_ENABLE_OBJC_ARC = YES;
				CLANG_WARN_BOOL_CONVERSION = YES;
				CLANG_WARN_CONSTANT_CONVERSION = YES;
				CLANG_WARN_DIRECT_OBJC_ISA_USAGE = YES_ERROR;
				CLANG_WARN_EMPTY_BODY = YES;
				CLANG_WARN_ENUM_CONVERSION = YES;
				CLANG_WARN_INT_CONVERSION = YES;
				CLANG_WARN_OBJC_ROOT_CLASS = YES_ERROR;
				CLANG_WARN_UNREACHABLE_CODE = YES;
				CLANG_WARN__DUPLICATE_METHOD_MATCH = YES;
				"CODE_SIGN_IDENTITY[sdk=iphoneos*]" = "iPhone Developer";
				COPY_PHASE_STRIP = YES;
				ENABLE_NS_ASSERTIONS = NO;
				ENABLE_STRICT_OBJC_MSGSEND = YES;
				GCC_C_LANGUAGE_STANDARD = gnu99;
				GCC_WARN_64_TO_32_BIT_CONVERSION = YES;
				GCC_WARN_ABOUT_RETURN_TYPE = YES_ERROR;
				GCC_WARN_UNDECLARED_SELECTOR = YES;
				GCC_WARN_UNINITIALIZED_AUTOS = YES_AGGRESSIVE;
				GCC_WARN_UNUSED_FUNCTION = YES;
				GCC_WARN_UNUSED_VARIABLE = YES;
				IPHONEOS_DEPLOYMENT_TARGET = 8.1;
				MTL_ENABLE_DEBUG_INFO = NO;
				SDKROOT = iphoneos;
				VALIDATE_PRODUCT = YES;
			};
			name = Release;
		};
		A1DB3D801A36947C00637C07 /* Debug */ = {
			isa = XCBuildConfiguration;
			buildSettings = {
				ASSETCATALOG_COMPILER_APPICON_NAME = AppIcon;
				INFOPLIST_FILE = FastScrollTableDemo/Info.plist;
				LD_RUNPATH_SEARCH_PATHS = "$(inherited) @executable_path/Frameworks";
				PRODUCT_NAME = "$(TARGET_NAME)";
			};
			name = Debug;
		};
		A1DB3D811A36947C00637C07 /* Release */ = {
			isa = XCBuildConfiguration;
			buildSettings = {
				ASSETCATALOG_COMPILER_APPICON_NAME = AppIcon;
				INFOPLIST_FILE = FastScrollTableDemo/Info.plist;
				LD_RUNPATH_SEARCH_PATHS = "$(inherited) @executable_path/Frameworks";
				PRODUCT_NAME = "$(TARGET_NAME)";
			};
			name = Release;
		};
		A1DB3D831A36947C00637C07 /* Debug */ = {
			isa = XCBuildConfiguration;
			buildSettings = {
				BUNDLE_LOADER = "$(TEST_HOST)";
				FRAMEWORK_SEARCH_PATHS = (
					"$(SDKROOT)/Developer/Library/Frameworks",
					"$(inherited)",
				);
				GCC_PREPROCESSOR_DEFINITIONS = (
					"DEBUG=1",
					"$(inherited)",
				);
				INFOPLIST_FILE = FastScrollTableDemoTests/Info.plist;
				LD_RUNPATH_SEARCH_PATHS = "$(inherited) @executable_path/Frameworks @loader_path/Frameworks";
				PRODUCT_NAME = "$(TARGET_NAME)";
				TEST_HOST = "$(BUILT_PRODUCTS_DIR)/FastScrollTableDemo.app/FastScrollTableDemo";
			};
			name = Debug;
		};
		A1DB3D841A36947C00637C07 /* Release */ = {
			isa = XCBuildConfiguration;
			buildSettings = {
				BUNDLE_LOADER = "$(TEST_HOST)";
				FRAMEWORK_SEARCH_PATHS = (
					"$(SDKROOT)/Developer/Library/Frameworks",
					"$(inherited)",
				);
				INFOPLIST_FILE = FastScrollTableDemoTests/Info.plist;
				LD_RUNPATH_SEARCH_PATHS = "$(inherited) @executable_path/Frameworks @loader_path/Frameworks";
				PRODUCT_NAME = "$(TARGET_NAME)";
				TEST_HOST = "$(BUILT_PRODUCTS_DIR)/FastScrollTableDemo.app/FastScrollTableDemo";
			};
			name = Release;
		};
/* End XCBuildConfiguration section */

/* Begin XCConfigurationList section */
		A1DB3D571A36947C00637C07 /* Build configuration list for PBXProject "FastScrollTableDemo" */ = {
			isa = XCConfigurationList;
			buildConfigurations = (
				A1DB3D7D1A36947C00637C07 /* Debug */,
				A1DB3D7E1A36947C00637C07 /* Release */,
			);
			defaultConfigurationIsVisible = 0;
			defaultConfigurationName = Release;
		};
		A1DB3D7F1A36947C00637C07 /* Build configuration list for PBXNativeTarget "FastScrollTableDemo" */ = {
			isa = XCConfigurationList;
			buildConfigurations = (
				A1DB3D801A36947C00637C07 /* Debug */,
				A1DB3D811A36947C00637C07 /* Release */,
			);
			defaultConfigurationIsVisible = 0;
		};
		A1DB3D821A36947C00637C07 /* Build configuration list for PBXNativeTarget "FastScrollTableDemoTests" */ = {
			isa = XCConfigurationList;
			buildConfigurations = (
				A1DB3D831A36947C00637C07 /* Debug */,
				A1DB3D841A36947C00637C07 /* Release */,
			);
			defaultConfigurationIsVisible = 0;
		};
/* End XCConfigurationList section */
	};
	rootObject = A1DB3D541A36947C00637C07 /* Project object */;
}
